
Microsoft Visual Studio Solution File, Format Version 12.00
# Visual Studio Version 17
Project("{2150E333-8FDC-42A3-9474-1A3956D46DE8}") = "CMakePredefinedTargets", "CMakePredefinedTargets", "{5F7EF4C0-CD44-3915-A6EC-8DDB11F2A367}"
EndProject
Project("{2150E333-8FDC-42A3-9474-1A3956D46DE8}") = "GLFW3", "GLFW3", "{FA56C75E-635D-30F1-BB3F-D267177EBC34}"
EndProject
Project("{8BC9CEB8-8B4A-11D0-8D11-00A0C91BC942}") = "ALL_BUILD", "ALL_BUILD.vcxproj", "{AADD30DD-7242-3148-A7F0-A23C8D50AB5C}"
	ProjectSection(ProjectDependencies) = postProject
		{5AF0ADF7-7A64-3269-896F-B5C5FA9A9990} = {5AF0ADF7-7A64-3269-896F-B5C5FA9A9990}
		{6F09A8A1-4773-32B4-8C93-DC1592917D53} = {6F09A8A1-4773-32B4-8C93-DC1592917D53}
	EndProjectSection
EndProject
Project("{8BC9CEB8-8B4A-11D0-8D11-00A0C91BC942}") = "INSTALL", "INSTALL.vcxproj", "{5C1D9D12-407F-31F4-8A8D-565624C40646}"
	ProjectSection(ProjectDependencies) = postProject
		{AADD30DD-7242-3148-A7F0-A23C8D50AB5C} = {AADD30DD-7242-3148-A7F0-A23C8D50AB5C}
		{5AF0ADF7-7A64-3269-896F-B5C5FA9A9990} = {5AF0ADF7-7A64-3269-896F-B5C5FA9A9990}
	EndProjectSection
EndProject
Project("{8BC9CEB8-8B4A-11D0-8D11-00A0C91BC942}") = "ZERO_CHECK", "..\..\ZERO_CHECK.vcxproj", "{5AF0ADF7-7A64-3269-896F-B5C5FA9A9990}"
	ProjectSection(ProjectDependencies) = postProject
	EndProjectSection
EndProject
Project("{8BC9CEB8-8B4A-11D0-8D11-00A0C91BC942}") = "glfw", "src\glfw.vcxproj", "{6F09A8A1-4773-32B4-8C93-DC1592917D53}"
	ProjectSection(ProjectDependencies) = postProject
		{5AF0ADF7-7A64-3269-896F-B5C5FA9A9990} = {5AF0ADF7-7A64-3269-896F-B5C5FA9A9990}
	EndProjectSection
EndProject
Project("{8BC9CEB8-8B4A-11D0-8D11-00A0C91BC942}") = "uninstall", "uninstall.vcxproj", "{A8439A65-A811-3898-A081-2EBE1CF4B4AF}"
	ProjectSection(ProjectDependencies) = postProject
		{5AF0ADF7-7A64-3269-896F-B5C5FA9A9990} = {5AF0ADF7-7A64-3269-896F-B5C5FA9A9990}
	EndProjectSection
EndProject
Project("{8BC9CEB8-8B4A-11D0-8D11-00A0C91BC942}") = "update_mappings", "src\update_mappings.vcxproj", "{C15ED310-50ED-32E7-99EE-1F4B55D6E249}"
	ProjectSection(ProjectDependencies) = postProject
		{5AF0ADF7-7A64-3269-896F-B5C5FA9A9990} = {5AF0ADF7-7A64-3269-896F-B5C5FA9A9990}
	EndProjectSection
EndProject
Global
	GlobalSection(SolutionConfigurationPlatforms) = preSolution
		Debug|x64 = Debug|x64
		Release|x64 = Release|x64
		MinSizeRel|x64 = MinSizeRel|x64
		RelWithDebInfo|x64 = RelWithDebInfo|x64
	EndGlobalSection
	GlobalSection(ProjectConfigurationPlatforms) = postSolution
		{AADD30DD-7242-3148-A7F0-A23C8D50AB5C}.Debug|x64.ActiveCfg = Debug|x64
		{AADD30DD-7242-3148-A7F0-A23C8D50AB5C}.Debug|x64.Build.0 = Debug|x64
		{AADD30DD-7242-3148-A7F0-A23C8D50AB5C}.Release|x64.ActiveCfg = Release|x64
		{AADD30DD-7242-3148-A7F0-A23C8D50AB5C}.Release|x64.Build.0 = Release|x64
		{AADD30DD-7242-3148-A7F0-A23C8D50AB5C}.MinSizeRel|x64.ActiveCfg = MinSizeRel|x64
		{AADD30DD-7242-3148-A7F0-A23C8D50AB5C}.MinSizeRel|x64.Build.0 = MinSizeRel|x64
		{AADD30DD-7242-3148-A7F0-A23C8D50AB5C}.RelWithDebInfo|x64.ActiveCfg = RelWithDebInfo|x64
		{AADD30DD-7242-3148-A7F0-A23C8D50AB5C}.RelWithDebInfo|x64.Build.0 = RelWithDebInfo|x64
		{5C1D9D12-407F-31F4-8A8D-565624C40646}.Debug|x64.ActiveCfg = Debug|x64
		{5C1D9D12-407F-31F4-8A8D-565624C40646}.Release|x64.ActiveCfg = Release|x64
		{5C1D9D12-407F-31F4-8A8D-565624C40646}.MinSizeRel|x64.ActiveCfg = MinSizeRel|x64
		{5C1D9D12-407F-31F4-8A8D-565624C40646}.RelWithDebInfo|x64.ActiveCfg = RelWithDebInfo|x64
		{5AF0ADF7-7A64-3269-896F-B5C5FA9A9990}.Debug|x64.ActiveCfg = Debug|x64
		{5AF0ADF7-7A64-3269-896F-B5C5FA9A9990}.Debug|x64.Build.0 = Debug|x64
		{5AF0ADF7-7A64-3269-896F-B5C5FA9A9990}.Release|x64.ActiveCfg = Release|x64
		{5AF0ADF7-7A64-3269-896F-B5C5FA9A9990}.Release|x64.Build.0 = Release|x64
		{5AF0ADF7-7A64-3269-896F-B5C5FA9A9990}.MinSizeRel|x64.ActiveCfg = MinSizeRel|x64
		{5AF0ADF7-7A64-3269-896F-B5C5FA9A9990}.MinSizeRel|x64.Build.0 = MinSizeRel|x64
		{5AF0ADF7-7A64-3269-896F-B5C5FA9A9990}.RelWithDebInfo|x64.ActiveCfg = RelWithDebInfo|x64
		{5AF0ADF7-7A64-3269-896F-B5C5FA9A9990}.RelWithDebInfo|x64.Build.0 = RelWithDebInfo|x64
		{6F09A8A1-4773-32B4-8C93-DC1592917D53}.Debug|x64.ActiveCfg = Debug|x64
		{6F09A8A1-4773-32B4-8C93-DC1592917D53}.Debug|x64.Build.0 = Debug|x64
		{6F09A8A1-4773-32B4-8C93-DC1592917D53}.Release|x64.ActiveCfg = Release|x64
		{6F09A8A1-4773-32B4-8C93-DC1592917D53}.Release|x64.Build.0 = Release|x64
		{6F09A8A1-4773-32B4-8C93-DC1592917D53}.MinSizeRel|x64.ActiveCfg = MinSizeRel|x64
		{6F09A8A1-4773-32B4-8C93-DC1592917D53}.MinSizeRel|x64.Build.0 = MinSizeRel|x64
		{6F09A8A1-4773-32B4-8C93-DC1592917D53}.RelWithDebInfo|x64.ActiveCfg = RelWithDebInfo|x64
		{6F09A8A1-4773-32B4-8C93-DC1592917D53}.RelWithDebInfo|x64.Build.0 = RelWithDebInfo|x64
		{A8439A65-A811-3898-A081-2EBE1CF4B4AF}.Debug|x64.ActiveCfg = Debug|x64
		{A8439A65-A811-3898-A081-2EBE1CF4B4AF}.Release|x64.ActiveCfg = Release|x64
		{A8439A65-A811-3898-A081-2EBE1CF4B4AF}.MinSizeRel|x64.ActiveCfg = MinSizeRel|x64
		{A8439A65-A811-3898-A081-2EBE1CF4B4AF}.RelWithDebInfo|x64.ActiveCfg = RelWithDebInfo|x64
		{C15ED310-50ED-32E7-99EE-1F4B55D6E249}.Debug|x64.ActiveCfg = Debug|x64
		{C15ED310-50ED-32E7-99EE-1F4B55D6E249}.Release|x64.ActiveCfg = Release|x64
		{C15ED310-50ED-32E7-99EE-1F4B55D6E249}.MinSizeRel|x64.ActiveCfg = MinSizeRel|x64
		{C15ED310-50ED-32E7-99EE-1F4B55D6E249}.RelWithDebInfo|x64.ActiveCfg = RelWithDebInfo|x64
	EndGlobalSection
	GlobalSection(NestedProjects) = preSolution
		{AADD30DD-7242-3148-A7F0-A23C8D50AB5C} = {5F7EF4C0-CD44-3915-A6EC-8DDB11F2A367}
		{5C1D9D12-407F-31F4-8A8D-565624C40646} = {5F7EF4C0-CD44-3915-A6EC-8DDB11F2A367}
		{5AF0ADF7-7A64-3269-896F-B5C5FA9A9990} = {5F7EF4C0-CD44-3915-A6EC-8DDB11F2A367}
		{6F09A8A1-4773-32B4-8C93-DC1592917D53} = {FA56C75E-635D-30F1-BB3F-D267177EBC34}
		{A8439A65-A811-3898-A081-2EBE1CF4B4AF} = {FA56C75E-635D-30F1-BB3F-D267177EBC34}
		{C15ED310-50ED-32E7-99EE-1F4B55D6E249} = {FA56C75E-635D-30F1-BB3F-D267177EBC34}
	EndGlobalSection
	GlobalSection(ExtensibilityGlobals) = postSolution
		SolutionGuid = {862F148B-FE2E-375A-87AD-780A2E5DD799}
	EndGlobalSection
	GlobalSection(ExtensibilityAddIns) = postSolution
	EndGlobalSection
EndGlobal
