<?xml version="1.0" encoding="utf-8"?>
<Project ToolsVersion="17.0" xmlns="http://schemas.microsoft.com/developer/msbuild/2003">
  <ItemGroup>
    <CustomBuild Include="D:\Projects\GravSim\visual_studio_solution\CMakeFiles\5621f032dfa6254b3438c3f19ded244e\INSTALL_force.rule">
      <Filter>CMake Rules</Filter>
    </CustomBuild>
  </ItemGroup>
  <ItemGroup>
    <Filter Include="CMake Rules">
      <UniqueIdentifier>{3B0E4516-392C-3DE1-A08D-2731E09F6FA5}</UniqueIdentifier>
    </Filter>
  </ItemGroup>
</Project>
